
Microsoft Visual Studio Solution File, Format Version 12.00
# Visual Studio 15
VisualStudioVersion = 15.0.27004.2005
MinimumVisualStudioVersion = 10.0.40219.1
Project("{FAE04EC0-301F-11D3-BF4B-00C04F79EFBC}") = "MonitoringLifestyle", "MonitoringLifestyle\MonitoringLifestyle.csproj", "{039A72CB-DA58-45FB-8F58-0E28248047CE}"
EndProject
Project("{FAE04EC0-301F-11D3-BF4B-00C04F79EFBC}") = "BL", "BL\BL.csproj", "{DEAD3E36-B7E1-4779-8776-AC890B69334C}"
EndProject
Project("{FAE04EC0-301F-11D3-BF4B-00C04F79EFBC}") = "BE", "BE\BE.csproj", "{5A3AB8AA-4F76-493E-8F5B-EB7F09278936}"
EndProject
Project("{FAE04EC0-301F-11D3-BF4B-00C04F79EFBC}") = "DAL", "DAL\DAL.csproj", "{6A54758E-6DAE-4211-9E15-B91F7A3EAA68}"
EndProject
Global
	GlobalSection(SolutionConfigurationPlatforms) = preSolution
		Debug|Any CPU = Debug|Any CPU
		Release|Any CPU = Release|Any CPU
	EndGlobalSection
	GlobalSection(ProjectConfigurationPlatforms) = postSolution
		{039A72CB-DA58-45FB-8F58-0E28248047CE}.Debug|Any CPU.ActiveCfg = Debug|Any CPU
		{039A72CB-DA58-45FB-8F58-0E28248047CE}.Debug|Any CPU.Build.0 = Debug|Any CPU
		{039A72CB-DA58-45FB-8F58-0E28248047CE}.Release|Any CPU.ActiveCfg = Release|Any CPU
		{039A72CB-DA58-45FB-8F58-0E28248047CE}.Release|Any CPU.Build.0 = Release|Any CPU
		{DEAD3E36-B7E1-4779-8776-AC890B69334C}.Debug|Any CPU.ActiveCfg = Debug|Any CPU
		{DEAD3E36-B7E1-4779-8776-AC890B69334C}.Debug|Any CPU.Build.0 = Debug|Any CPU
		{DEAD3E36-B7E1-4779-8776-AC890B69334C}.Release|Any CPU.ActiveCfg = Release|Any CPU
		{DEAD3E36-B7E1-4779-8776-AC890B69334C}.Release|Any CPU.Build.0 = Release|Any CPU
		{5A3AB8AA-4F76-493E-8F5B-EB7F09278936}.Debug|Any CPU.ActiveCfg = Debug|Any CPU
		{5A3AB8AA-4F76-493E-8F5B-EB7F09278936}.Debug|Any CPU.Build.0 = Debug|Any CPU
		{5A3AB8AA-4F76-493E-8F5B-EB7F09278936}.Release|Any CPU.ActiveCfg = Release|Any CPU
		{5A3AB8AA-4F76-493E-8F5B-EB7F09278936}.Release|Any CPU.Build.0 = Release|Any CPU
		{6A54758E-6DAE-4211-9E15-B91F7A3EAA68}.Debug|Any CPU.ActiveCfg = Debug|Any CPU
		{6A54758E-6DAE-4211-9E15-B91F7A3EAA68}.Debug|Any CPU.Build.0 = Debug|Any CPU
		{6A54758E-6DAE-4211-9E15-B91F7A3EAA68}.Release|Any CPU.ActiveCfg = Release|Any CPU
		{6A54758E-6DAE-4211-9E15-B91F7A3EAA68}.Release|Any CPU.Build.0 = Release|Any CPU
	EndGlobalSection
	GlobalSection(SolutionProperties) = preSolution
		HideSolutionNode = FALSE
	EndGlobalSection
	GlobalSection(ExtensibilityGlobals) = postSolution
		SolutionGuid = {8897F9AA-0773-4930-B729-9A84905BB215}
	EndGlobalSection
EndGlobal
